github.com/gin-gonic/gin v0.0.0-20150626140855-4cc2de6207f4 h1:ufr+93X0/9xTNvObfvbHsEkgCk8BrhmUH83Z8YIhzXE=
github.com/gin-gonic/gin v0.0.0-20150626140855-4cc2de6207f4/go.mod h1:7cKuhb5qV2ggCFctp2fJQ+ErvciLZrIeoOSOm6mUr7Y=
github.com/go-sql-driver/mysql v1.4.1-0.20180719071942-99ff426eb706 h1:6V8xVlmRsgO5v8TJMTkYpg2hzmH2RM7HpkgtDtup4nM=
github.com/go-sql-driver/mysql v1.4.1-0.20180719071942-99ff426eb706/go.mod h1:zAC/RDZ24gD3HViQzih4MyKcchzm+sOG5ZlKdlhCg5w=
github.com/golang/protobuf v1.3.1/go.mod h1:6lQm79b+lXiMfvg/cZm0SGofjICqVBUtrP5yJMmIC1U=
github.com/heroku/x v0.0.0-20171004170240-705849e307dd h1:zn29UrzyUeQgqxBGXIwQqQJf75IiK4aeCtO5q1V2Vyo=
github.com/heroku/x v0.0.0-20171004170240-705849e307dd/go.mod h1:opmAyjmIGn9/Y+9Nia6eIaktIXIoMhhFXEFbHLMsX3Y=
github.com/jinzhu/gorm v1.9.2-0.20180922115911-f6260a008529 h1:mnIZLpi9zRhHzw7li2w0SjBXFq/Itr+9Cjk/rYpnQJo=
github.com/jinzhu/gorm v1.9.2-0.20180922115911-f6260a008529/go.mod h1:Vla75njaFJ8clLU1W44h34PjIkijhjHIYnZxMqCdxqo=
github.com/jinzhu/inflection v0.0.0-20180308033659-04140366298a h1:eeaG9XMUvRBYXJi4pg1ZKM7nxc5AfXfojeLLW7O5J3k=
github.com/jinzhu/inflection v0.0.0-20180308033659-04140366298a/go.mod h1:h+uFLlag+Qp1Va5pdKtLDYj+kHp5pxUVkryuEj+Srlc=
github.com/joho/godotenv v1.3.1-0.20180927053203-c0b86d615e06 h1:TRTrIJtfPBm+xwMRhoF/JBvS6CUqB54Xs//78U7AgHY=
github.com/joho/godotenv v1.3.1-0.20180927053203-c0b86d615e06/go.mod h1:7hK45KPybAkOC6peb+G5yklZfMxEjkZhHbwpqxOKXbg=
github.com/line/line-bot-sdk-go v4.0.1-0.20180830091219-86c2e29d9794+incompatible h1:GsAJeWrQtoxcoNdHSTJnqQ224Z9RgSWIX2IQIu4br98=
github.com/line/line-bot-sdk-go v4.0.1-0.20180830091219-86c2e29d9794+incompatible/go.mod h1:0RjLjJEAU/3GIcHkC3av6O4jInAbt25nnZVmOFUgDBg=
github.com/manucorporat/sse v0.0.0-20150604091100-c142f0f1baea h1:3she1OMibtVtGiZSF65Cfi5ijRb+pAKXmstffNs5i+4=
github.com/manucorporat/sse v0.0.0-20150604091100-c142f0f1baea/go.mod h1:zUx1mhth20V3VKgL5jbd1BSQcW4Fy6Qs4PZvQwRFwzM=
github.com/mattn/go-colorable v0.0.0-20150625154642-40e4aedc8fab h1:3lgod/2wdM8WaJNBe16LkFmrz2XkXbH2YhbRWh38W9U=
github.com/mattn/go-colorable v0.0.0-20150625154642-40e4aedc8fab/go.mod h1:9vuHe8Xs5qXnSaW/c/ABM9alt+Vo+STaOChaDxuIBZU=
github.com/mattn/go-isatty v0.0.0-20150814002629-7fcbc72f853b h1:KOTLb2pwNaE8UOCVz1AgsFYzcswaNroRkBDIhblvUFk=
github.com/mattn/go-isatty v0.0.0-20150814002629-7fcbc72f853b/go.mod h1:M+lRXTBqGeGNdLjl/ufCoiOlB5xdOkqRJdNxMWT7Zi4=
golang.org/x/crypto v0.0.0-20190308221718-c2843e01d9a2/go.mod h1:djNgcEr1/C05ACkg1iLfiJU5Ep61QUkGW8qpdssI0+w=
golang.org/x/net v0.0.0-20150629084131-d9558e5c97f8 h1:NnqNZS6fS9JZOjzXyL3/g0j4bEm1B7HCkiVH9F5Zu8U=
golang.org/x/net v0.0.0-20150629084131-d9558e5c97f8/go.mod h1:mL1N/T3taQHkDXs73rZJwtUhF3w3ftmwwsq0BUmARs4=
golang.org/x/net v0.0.0-20190603091049-60506f45cf65 h1:+rhAzEzT3f4JtomfC371qB+0Ola2caSKcY69NUBZrRQ=
golang.org/x/net v0.0.0-20190603091049-60506f45cf65/go.mod h1:HSz+uSET+XFnRR8LxR5pz3Of3rY3CfYBVs4xY44aLks=
golang.org/x/sys v0.0.0-20190215142949-d0b11bdaac8a/go.mod h1:STP8DvDyc/dI5b8T5hshtkjS+E42TnysNCUPdjciGhY=
golang.org/x/text v0.3.0/go.mod h1:NqM8EUOU14njkJ3fqMW+pc6Ldnwhi/IjpwHt7yyuwOQ=
golang.org/x/text v0.3.2/go.mod h1:bEr9sfX3Q8Zfm5fL9x+3itogRgK3+ptLWKqgva+5dAk=
golang.org/x/tools v0.0.0-20180917221912-90fa682c2a6e/go.mod h1:n7NCudcB/nEzxVGmLbDWY5pfWTLqBcC2KZ6jyYvM4mQ=
google.golang.org/appengine v1.6.5 h1:tycE03LOZYQNhDpS27tcQdAzLCVMaj7QT2SXxebnpCM=
google.golang.org/appengine v1.6.5/go.mod h1:8WjMMxjGQR8xUklV/ARdw2HLXBOI7O7uCIDZVag1xfc=
gopkg.in/DATA-DOG/go-sqlmock.v1 v1.3.0 h1:FVCohIoYO7IJoDDVpV2pdq7SgrMH6wHnuTyrdrxJNoY=
gopkg.in/DATA-DOG/go-sqlmock.v1 v1.3.0/go.mod h1:OdE7CF6DbADk7lN8LIKRzRJTTZXIjtWgA5THM5lhBAw=
gopkg.in/bluesuncorp/validator.v5 v5.9.1 h1:XEU2HtMj0Rki3kmHh+uilvENyWgDEaR5LDLtYsjiumM=
gopkg.in/bluesuncorp/validator.v5 v5.9.1/go.mod h1:ScQmud/GM3iSR85jRE+8BI8E8oFv5oj4qyd5Xaw7hgE=
